
Microsoft Visual Studio Solution File, Format Version 12.00
# Visual Studio Version 16
VisualStudioVersion = 16.0.31702.278
MinimumVisualStudioVersion = 10.0.40219.1
Project("{FAE04EC0-301F-11D3-BF4B-00C04F79EFBC}") = "GitExample", "GitExample\GitExample.csproj", "{23E617F8-4122-42C6-BDF3-0DE59E2C8467}"
EndProject
Global
	GlobalSection(SolutionConfigurationPlatforms) = preSolution
		Debug|Any CPU = Debug|Any CPU
		Release|Any CPU = Release|Any CPU
	EndGlobalSection
	GlobalSection(ProjectConfigurationPlatforms) = postSolution
		{23E617F8-4122-42C6-BDF3-0DE59E2C8467}.Debug|Any CPU.ActiveCfg = Debug|Any CPU
		{23E617F8-4122-42C6-BDF3-0DE59E2C8467}.Debug|Any CPU.Build.0 = Debug|Any CPU
		{23E617F8-4122-42C6-BDF3-0DE59E2C8467}.Release|Any CPU.ActiveCfg = Release|Any CPU
		{23E617F8-4122-42C6-BDF3-0DE59E2C8467}.Release|Any CPU.Build.0 = Release|Any CPU
	EndGlobalSection
	GlobalSection(SolutionProperties) = preSolution
		HideSolutionNode = FALSE
	EndGlobalSection
	GlobalSection(ExtensibilityGlobals) = postSolution
		SolutionGuid = {D942DD54-F86A-45E6-8D2E-23551109E208}
	EndGlobalSection
EndGlobal
